
Microsoft Visual Studio Solution File, Format Version 12.00
# Visual Studio Version 17
VisualStudioVersion = 17.11.35222.181
MinimumVisualStudioVersion = 10.0.40219.1
Project("{9A19103F-16F7-4668-BE54-9A1E7A4F7556}") = "Eindopdracht - Client", "Eindopdracht - Client\Eindopdracht - Client.csproj", "{157D2C13-A5FF-44D9-81BD-48E0F1502310}"
EndProject
Project("{9A19103F-16F7-4668-BE54-9A1E7A4F7556}") = "Eindopdracht - Server", "Eindopdracht - Server\Eindopdracht - Server.csproj", "{7920D29D-C03C-48EA-AF13-91B972324347}"
EndProject
Global
	GlobalSection(SolutionConfigurationPlatforms) = preSolution
		Debug|Any CPU = Debug|Any CPU
		Release|Any CPU = Release|Any CPU
	EndGlobalSection
	GlobalSection(ProjectConfigurationPlatforms) = postSolution
		{157D2C13-A5FF-44D9-81BD-48E0F1502310}.Debug|Any CPU.ActiveCfg = Debug|Any CPU
		{157D2C13-A5FF-44D9-81BD-48E0F1502310}.Debug|Any CPU.Build.0 = Debug|Any CPU
		{157D2C13-A5FF-44D9-81BD-48E0F1502310}.Release|Any CPU.ActiveCfg = Release|Any CPU
		{157D2C13-A5FF-44D9-81BD-48E0F1502310}.Release|Any CPU.Build.0 = Release|Any CPU
		{7920D29D-C03C-48EA-AF13-91B972324347}.Debug|Any CPU.ActiveCfg = Debug|Any CPU
		{7920D29D-C03C-48EA-AF13-91B972324347}.Debug|Any CPU.Build.0 = Debug|Any CPU
		{7920D29D-C03C-48EA-AF13-91B972324347}.Release|Any CPU.ActiveCfg = Release|Any CPU
		{7920D29D-C03C-48EA-AF13-91B972324347}.Release|Any CPU.Build.0 = Release|Any CPU
	EndGlobalSection
	GlobalSection(SolutionProperties) = preSolution
		HideSolutionNode = FALSE
	EndGlobalSection
	GlobalSection(ExtensibilityGlobals) = postSolution
		SolutionGuid = {31FBA754-D9BB-4076-8A11-445D4636DD7D}
	EndGlobalSection
EndGlobal
